{
  "name": "risums",
  "version": "0.0.0",
  "lockfileVersion": 3,
  "requires": true,
  "packages": {
    "": {
      "name": "risums",
      "version": "0.0.0",
      "devDependencies": {
        "risupack": "0.1.2"
      }
    },
    "node_modules/risupack": {
      "version": "0.1.2",
      "resolved": "https://registry.npmjs.org/risupack/-/risupack-0.1.2.tgz",
      "integrity": "sha512-5NqwkAq8Fxat8Sc3H9PxFnOxKmVsgYXUTNmao6cwNx+D3n3dKLNcFGPErzZwhSLtjBPRAoVDgKNETARIk1CQGw==",
      "dev": true,
      "license": "AGPL-3.0-only",
      "bin": {
        "risupack": "dist/cli.js"
      },
      "engines": {
        "node": ">=20"
      }
    }
  }
}
