{
  "name": "risums",
  "version": "0.0.0",
  "lockfileVersion": 3,
  "requires": true,
  "packages": {
    "": {
      "name": "risums",
      "version": "0.0.0",
      "devDependencies": {
        "risupack": "^0.2.3"
      }
    },
    "node_modules/risupack": {
      "version": "0.2.3",
      "resolved": "https://registry.npmjs.org/risupack/-/risupack-0.2.3.tgz",
      "integrity": "sha512-Y5/aLst2fmwx1vSNlMgMhPrxZUen3QMOuSanLUb5LFRS9gx9lR8H1qxa/E6QqPiDsEJ1UkkG0nSCKYPBr/998g==",
      "dev": true,
      "license": "AGPL-3.0-only",
      "bin": {
        "risupack": "dist/cli.js"
      },
      "engines": {
        "node": ">=20"
      }
    }
  }
}
