{
  "name": "risums",
  "version": "0.0.0",
  "lockfileVersion": 3,
  "requires": true,
  "packages": {
    "": {
      "name": "risums",
      "version": "0.0.0",
      "devDependencies": {
        "risupack": "^0.2.5"
      }
    },
    "node_modules/risupack": {
      "version": "0.2.5",
      "resolved": "https://registry.npmjs.org/risupack/-/risupack-0.2.5.tgz",
      "integrity": "sha512-6Ug4sg1vUPpfxQkIpPH9DVnPnf901WikBokYg8V2doQ19H1jGtj+0+4TvZNvRe9JI6kPFojz9QbzRMDynMQMzA==",
      "dev": true,
      "license": "AGPL-3.0-only",
      "bin": {
        "risupack": "dist/cli.js"
      },
      "engines": {
        "node": ">=20"
      }
    }
  }
}
